# This file is automatically @generated by Cargo.
# It is not intended for manual editing.
version = 4

[[package]]
name = "tmon"
version = "0.1.0"

[[package]]
name = "tmon"
version = "0.1.0"
source = "git+https://github.com/lassejlv/termy?rev=03d7ca5c5420ca141afe56f725341faadb71af18#03d7ca5c5420ca141afe56f725341faadb71af18"

[[package]]
name = "tmon-revision-gate"
version = "0.1.0"
dependencies = [
 "tmon 0.1.0",
 "tmon 0.1.0 (git+https://github.com/lassejlv/termy?rev=03d7ca5c5420ca141afe56f725341faadb71af18)",
]
